github.com/alecthomas/assert/v2 v2.2.2 h1:Z/iVC0xZfWTaFNE6bA3z07T86hd45Xe2eLt6WVy2bbk=
github.com/alecthomas/assert/v2 v2.2.2/go.mod h1:pXcQ2Asjp247dahGEmsZ6ru0UVwnkhktn7S0bBDLxvQ=
github.com/alecthomas/assert/v2 v2.3.0 h1:mAsH2wmvjsuvyBvAmCtm7zFsBlb8mIHx5ySLVdDZXL0=
github.com/alecthomas/participle/v2 v2.0.0 h1:Fgrq+MbuSsJwIkw3fEj9h75vDP0Er5JzepJ0/HNHv0g=
github.com/alecthomas/participle/v2 v2.0.0/go.mod h1:rAKZdJldHu8084ojcWevWAL8KmEU+AT+Olodb+WoN2Y=
github.com/alecthomas/participle/v2 v2.1.1 h1:hrjKESvSqGHzRb4yW1ciisFJ4p3MGYih6icjJvbsmV8=
github.com/alecthomas/participle/v2 v2.1.1/go.mod h1:Y1+hAs8DHPmc3YUFzqllV+eSQ9ljPTk0ZkPMtEdAx2c=
github.com/alecthomas/repr v0.2.0 h1:HAzS41CIzNW5syS8Mf9UwXhNH1J9aix/BvDRf1Ml2Yk=
github.com/alecthomas/repr v0.2.0/go.mod h1:Fr0507jx4eOXV7AlPV6AVZLYrLIuIeSOWtW57eE/O/4=
github.com/bits-and-blooms/bitset v1.8.0 h1:FD+XqgOZDUxxZ8hzoBFuV9+cGWY9CslN6d5MS5JVb4c=
github.com/bits-and-blooms/bitset v1.8.0/go.mod h1:7hO7Gc7Pp1vODcmWvKMRA9BNmbv6a/7QIWpPxHddWR8=
github.com/bits-and-blooms/bitset v1.13.0 h1:bAQ9OPNFYbGHV6Nez0tmNI0RiEu7/hxlYJRUA0wFAVE=
github.com/bits-and-blooms/bitset v1.13.0/go.mod h1:7hO7Gc7Pp1vODcmWvKMRA9BNmbv6a/7QIWpPxHddWR8=
github.com/consensys/bavard v0.1.13 h1:oLhMLOFGTLdlda/kma4VOJazblc7IM5y5QPd2A/YjhQ=
github.com/consensys/bavard v0.1.13/go.mod h1:9ItSMtA/dXMAiL7BG6bqW2m3NdSEObYWoH223nGHukI=
github.com/consensys/gnark-crypto v0.12.1 h1:lHH39WuuFgVHONRl3J0LRBtuYdQTumFSDtJF7HpyG8M=
github.com/consensys/gnark-crypto v0.12.1/go.mod h1:v2Gy7L/4ZRosZ7Ivs+9SfUDr0f5UlG+EM5t7MPHiLuY=
github.com/cpuguy83/go-md2man/v2 v2.0.2 h1:p1EgwI/C7NhT0JmVkwCD2ZBK8j4aeHQX2pMHHBfMQ6w=
github.com/cpuguy83/go-md2man/v2 v2.0.2/go.mod h1:tgQtvFlXSQOSOSIRvRPT7W67SCa46tRHOmNcaadrF8o=
github.com/cpuguy83/go-md2man/v2 v2.0.4 h1:wfIWP927BUkWJb2NmU/kNDYIBTh/ziUX91+lVfRxZq4=
github.com/cpuguy83/go-md2man/v2 v2.0.4/go.mod h1:tgQtvFlXSQOSOSIRvRPT7W67SCa46tRHOmNcaadrF8o=
github.com/creack/pty v1.1.9/go.mod h1:oKZEueFk5CKHvIhNR5MUki03XCEU+Q6VDXinZuGJ33E=
github.com/davecgh/go-spew v1.1.0/go.mod h1:J7Y8YcW2NihsgmVo/mv3lAwl/skON4iLHjSsI+c5H38=
github.com/davecgh/go-spew v1.1.1 h1:vj9j/u1bqnvCEfJOwUhtlOARqs3+rkHYY13jYWTU97c=
github.com/davecgh/go-spew v1.1.1/go.mod h1:J7Y8YcW2NihsgmVo/mv3lAwl/skON4iLHjSsI+c5H38=
github.com/gabriel-vasile/mimetype v1.4.2 h1:w5qFW6JKBz9Y393Y4q372O9A7cUSequkh1Q7OhCmWKU=
github.com/gabriel-vasile/mimetype v1.4.2/go.mod h1:zApsH/mKG4w07erKIaJPFiX0Tsq9BFQgN3qGY5GnNgA=
github.com/gabriel-vasile/mimetype v1.4.4 h1:QjV6pZ7/XZ7ryI2KuyeEDE8wnh7fHP9YnQy+R0LnH8I=
github.com/gabriel-vasile/mimetype v1.4.4/go.mod h1:JwLei5XPtWdGiMFB5Pjle1oEeoSeEuJfJE+TtfvdB/s=
github.com/go-playground/assert/v2 v2.2.0 h1:JvknZsQTYeFEAhQwI4qEt9cyV5ONwRHC+lYKSsYSR8s=
github.com/go-playground/assert/v2 v2.2.0/go.mod h1:VDjEfimB/XKnb+ZQfWdccd7VUvScMdVu0Titje2rxJ4=
github.com/go-playground/locales v0.14.1 h1:EWaQ/wswjilfKLTECiXz7Rh+3BjFhfDFKv/oXslEjJA=
github.com/go-playground/locales v0.14.1/go.mod h1:hxrqLVvrK65+Rwrd5Fc6F2O76J/NuW9t0sjnWqG1slY=
github.com/go-playground/universal-translator v0.18.1 h1:Bcnm0ZwsGyWbCzImXv+pAJnYK9S473LQFuzCbDbfSFY=
github.com/go-playground/universal-translator v0.18.1/go.mod h1:xekY+UJKNuX9WP91TpwSH2VMlDf28Uj24BCp08ZFTUY=
github.com/go-playground/validator/v10 v10.15.5 h1:LEBecTWb/1j5TNY1YYG2RcOUN3R7NLylN+x8TTueE24=
github.com/go-playground/validator/v10 v10.15.5/go.mod h1:9iXMNT7sEkjXb0I+enO7QXmzG6QCsPWY4zveKFVRSyU=
github.com/go-playground/validator/v10 v10.22.0 h1:k6HsTZ0sTnROkhS//R0O+55JgM8C4Bx7ia+JlgcnOao=
github.com/go-playground/validator/v10 v10.22.0/go.mod h1:dbuPbCMFw/DrkbEynArYaCwl3amGuJotoKCe95atGMM=
github.com/google/subcommands v1.2.0/go.mod h1:ZjhPrFU+Olkh9WazFPsl27BQ4UPiG37m3yTrtFlrHVk=
github.com/hexops/gotextdiff v1.0.3 h1:gitA9+qJrrTCsiCl7+kh75nPqQt1cx4ZkudSTLoUqJM=
github.com/hexops/gotextdiff v1.0.3/go.mod h1:pSWU5MAI3yDq+fZBTazCSJysOMbxWL1BSow5/V2vxeg=
github.com/holiman/uint256 v1.2.3 h1:K8UWO1HUJpRMXBxbmaY1Y8IAMZC/RsKB+ArEnnK4l5o=
github.com/holiman/uint256 v1.2.3/go.mod h1:SC8Ryt4n+UBbPbIBKaG9zbbDlp4jOru9xFZmPzLUTxw=
github.com/holiman/uint256 v1.3.0 h1:4wdcm/tnd0xXdu7iS3ruNvxkWwrb4aeBQv19ayYn8F4=
github.com/holiman/uint256 v1.3.0/go.mod h1:EOMSn4q6Nyt9P6efbI3bueV4e1b3dGlUCXeiRV4ng7E=
github.com/joho/godotenv v1.5.1 h1:7eLL/+HRGLY0ldzfGMeQkb7vMd0as4CfYvUVzLqw0N0=
github.com/joho/godotenv v1.5.1/go.mod h1:f4LDr5Voq0i2e/R5DDNOoa2zzDfwtkZa6DnEwAbqwq4=
github.com/kr/pretty v0.3.1 h1:flRD4NNwYAUpkphVc1HcthR4KEIFJ65n8Mw5qdRn3LE=
github.com/kr/pretty v0.3.1/go.mod h1:hoEshYVHaxMs3cyo3Yncou5ZscifuDolrwPKZanG3xk=
github.com/kr/text v0.2.0 h1:5Nx0Ya0ZqY2ygV366QzturHI13Jq95ApcVaJBhpS+AY=
github.com/kr/text v0.2.0/go.mod h1:eLer722TekiGuMkidMxC/pM04lWEeraHUUmBw8l2grE=
github.com/leanovate/gopter v0.2.9 h1:fQjYxZaynp97ozCzfOyOuAGOU4aU/z37zf/tOujFk7c=
github.com/leanovate/gopter v0.2.9/go.mod h1:U2L/78B+KVFIx2VmW6onHJQzXtFb+p5y3y2Sh+Jxxv8=
github.com/leodido/go-urn v1.2.4 h1:XlAE/cm/ms7TE/VMVoduSpNBoyc2dOxHs5MZSwAN63Q=
github.com/leodido/go-urn v1.2.4/go.mod h1:7ZrI8mTSeBSHl/UaRyKQW1qZeMgak41ANeCNaVckg+4=
github.com/leodido/go-urn v1.4.0 h1:WT9HwE9SGECu3lg4d/dIA+jxlljEa1/ffXKmRjqdmIQ=
github.com/leodido/go-urn v1.4.0/go.mod h1:bvxc+MVxLKB4z00jd1z+Dvzr47oO32F/QSNjSBOlFxI=
github.com/mmcloughlin/addchain v0.4.0 h1:SobOdjm2xLj1KkXN5/n0xTIWyZA2+s99UCY1iPfkHRY=
github.com/mmcloughlin/addchain v0.4.0/go.mod h1:A86O+tHqZLMNO4w6ZZ4FlVQEadcoqkyU72HC5wJ4RlU=
github.com/mmcloughlin/profile v0.1.1/go.mod h1:IhHD7q1ooxgwTgjxQYkACGA77oFTDdFVejUS1/tS/qU=
github.com/pmezard/go-difflib v1.0.0 h1:4DBwDE0NGyQoBHbLQYPwSUPoCMWR5BEzIk/f1lZbAQM=
github.com/pmezard/go-difflib v1.0.0/go.mod h1:iKH77koFhYxTK1pcRnkKkqfTogsbg7gZNVY4sRDYZ/4=
github.com/rogpeppe/go-internal v1.11.0 h1:cWPaGQEPrBb5/AsnsZesgZZ9yb1OQ+GOISoDNXVBh4M=
github.com/rogpeppe/go-internal v1.11.0/go.mod h1:ddIwULY96R17DhadqLgMfk9H9tvdUzkipdSkR5nkCZA=
github.com/rogpeppe/go-internal v1.12.0 h1:exVL4IDcn6na9z1rAb56Vxr+CgyK3nn3O+epU5NdKM8=
github.com/rogpeppe/go-internal v1.12.0/go.mod h1:E+RYuTGaKKdloAfM02xzb0FW3Paa99yedzYV+kq4uf4=
github.com/russross/blackfriday/v2 v2.1.0 h1:JIOH55/0cWyOuilr9/qlrm0BSXldqnqwMsf35Ld67mk=
github.com/russross/blackfriday/v2 v2.1.0/go.mod h1:+Rmxgy9KzJVeS9/2gXHxylqXiyQDYRxCVz55jmeOWTM=
github.com/stretchr/objx v0.1.0/go.mod h1:HFkY916IF+rwdDfMAkV7OtwuqBVzrE8GR6GFx+wExME=
github.com/stretchr/objx v0.4.0/go.mod h1:YvHI0jy2hoMjB+UWwv71VJQ9isScKT/TqJzVSSt89Yw=
github.com/stretchr/objx v0.5.0/go.mod h1:Yh+to48EsGEfYuaHDzXPcE3xhTkx73EhmCGUpEOglKo=
github.com/stretchr/testify v1.7.1/go.mod h1:6Fq8oRcR53rry900zMqJjRRixrwX3KX962/h/Wwjteg=
github.com/stretchr/testify v1.8.0/go.mod h1:yNjHg4UonilssWZ8iaSj1OCr/vHnekPRkoO+kdMU+MU=
github.com/stretchr/testify v1.8.2/go.mod h1:w2LPCIKwWwSfY2zedu0+kehJoqGctiVI29o6fzry7u4=
github.com/stretchr/testify v1.8.4 h1:CcVxjf3Q8PM0mHUKJCdn+eZZtm5yQwehR5yeSVQQcUk=
github.com/stretchr/testify v1.8.4/go.mod h1:sz/lmYIOXD/1dqDmKjjqLyZ2RngseejIcXlSw2iwfAo=
github.com/stretchr/testify v1.9.0 h1:HtqpIVDClZ4nwg75+f6Lvsy/wHu+3BoSGCbBAcpTsTg=
github.com/stretchr/testify v1.9.0/go.mod h1:r2ic/lqez/lEtzL7wO/rwa5dbSLXVDPFyf8C91i36aY=
github.com/urfave/cli/v2 v2.25.7 h1:VAzn5oq403l5pHjc4OhD54+XGO9cdKVL/7lDjF+iKUs=
github.com/urfave/cli/v2 v2.25.7/go.mod h1:8qnjx1vcq5s2/wpsqoZFndg2CE5tNFyrTvS6SinrnYQ=
github.com/urfave/cli/v2 v2.27.2 h1:6e0H+AkS+zDckwPCUrZkKX38mRaau4nL2uipkJpbkcI=
github.com/urfave/cli/v2 v2.27.2/go.mod h1:g0+79LmHHATl7DAcHO99smiR/T7uGLw84w8Y42x+4eM=
github.com/xrash/smetrics v0.0.0-20201216005158-039620a65673 h1:bAn7/zixMGCfxrRTfdpNzjtPYqr8smhKouy9mxVdGPU=
github.com/xrash/smetrics v0.0.0-20201216005158-039620a65673/go.mod h1:N3UwUGtsrSj3ccvlPHLoLsHnpR27oXr4ZE984MbSER8=
github.com/xrash/smetrics v0.0.0-20240521201337-686a1a2994c1 h1:gEOO8jv9F4OT7lGCjxCBTO/36wtF6j2nSip77qHd4x4=
github.com/xrash/smetrics v0.0.0-20240521201337-686a1a2994c1/go.mod h1:Ohn+xnUBiLI6FVj/9LpzZWtj1/D6lUovWYBkxHVV3aM=
golang.org/x/crypto v0.10.0 h1:LKqV2xt9+kDzSTfOhx4FrkEBcMrAgHSYgzywV9zcGmM=
golang.org/x/crypto v0.10.0/go.mod h1:o4eNf7Ede1fv+hwOwZsTHl9EsPFO6q6ZvYR8vYfY45I=
golang.org/x/crypto v0.25.0 h1:ypSNr+bnYL2YhwoMt2zPxHFmbAN1KZs/njMG3hxUp30=
golang.org/x/crypto v0.25.0/go.mod h1:T+wALwcMOSE0kXgUAnPAHqTLW+XHgcELELW8VaDgm/M=
golang.org/x/exp v0.0.0-20230811145659-89c5cff77bcb h1:mIKbk8weKhSeLH2GmUTrvx8CjkyJmnU1wFmg59CUjFA=
golang.org/x/exp v0.0.0-20230811145659-89c5cff77bcb/go.mod h1:FXUEEKJgO7OQYeo8N01OfiKP8RXMtf6e8aTskBGqWdc=
golang.org/x/exp v0.0.0-20240707233637-46b078467d37 h1:uLDX+AfeFCct3a2C7uIWBKMJIR3CJMhcgfrUAqjRK6w=
golang.org/x/exp v0.0.0-20240707233637-46b078467d37/go.mod h1:M4RDyNAINzryxdtnbRXRL/OHtkFuWGRjvuhBJpk2IlY=
golang.org/x/net v0.10.0 h1:X2//UzNDwYmtCLn7To6G58Wr6f5ahEAQgKNzv9Y951M=
golang.org/x/net v0.10.0/go.mod h1:0qNGK6F8kojg2nk9dLZ2mShWaEBan6FAoqfSigmmuDg=
golang.org/x/net v0.27.0 h1:5K3Njcw06/l2y9vpGCSdcxWOYHOUk3dVNGDXN+FvAys=
golang.org/x/net v0.27.0/go.mod h1:dDi0PyhWNoiUOrAS8uXv/vnScO4wnHQO4mj9fn/RytE=
golang.org/x/sys v0.11.0 h1:eG7RXZHdqOJ1i+0lgLgCpSXAp6M3LYlAo6osgSi0xOM=
golang.org/x/sys v0.11.0/go.mod h1:oPkhp1MJrh7nUepCBck5+mAzfO9JrbApNNgaTdGDITg=
golang.org/x/sys v0.22.0 h1:RI27ohtqKCnwULzJLqkv897zojh5/DwS/ENaMzUOaWI=
golang.org/x/sys v0.22.0/go.mod h1:/VUhepiaJMQUp4+oa/7Zr1D23ma6VTLIYjOOTFZPUcA=
golang.org/x/text v0.10.0 h1:UpjohKhiEgNc0CSauXmwYftY1+LlaC75SJwh0SgCX58=
golang.org/x/text v0.10.0/go.mod h1:TvPlkZtksWOMsz7fbANvkp4WM8x/WCo/om8BMLbz+aE=
golang.org/x/text v0.16.0 h1:a94ExnEXNtEwYLGJSIUxnWoxoRz/ZcCsV63ROupILh4=
golang.org/x/text v0.16.0/go.mod h1:GhwF1Be+LQoKShO3cGOHzqOgRrGaYc9AvblQOmPVHnI=
gopkg.in/check.v1 v0.0.0-20161208181325-20d25e280405/go.mod h1:Co6ibVJAznAaIkqp8huTwlJQCZ016jof/cbN4VW5Yz0=
gopkg.in/check.v1 v1.0.0-20201130134442-10cb98267c6c h1:Hei/4ADfdWqJk1ZMxUNpqntNwaWcugrBjAiHlqqRiVk=
gopkg.in/check.v1 v1.0.0-20201130134442-10cb98267c6c/go.mod h1:JHkPIbrfpd72SG/EVd6muEfDQjcINNoR0C8j2r3qZ4Q=
gopkg.in/yaml.v3 v3.0.0-20200313102051-9f266ea9e77c/go.mod h1:K4uyk7z7BCEPqu6E+C64Yfv1cQ7kz7rIZviUmN+EgEM=
gopkg.in/yaml.v3 v3.0.1 h1:fxVm/GzAzEWqLHuvctI91KS9hhNmmWOoWu0XTYJS7CA=
gopkg.in/yaml.v3 v3.0.1/go.mod h1:K4uyk7z7BCEPqu6E+C64Yfv1cQ7kz7rIZviUmN+EgEM=
rsc.io/tmplfunc v0.0.3 h1:53XFQh69AfOa8Tw0Jm7t+GV7KZhOi6jzsCzTtKbMvzU=
rsc.io/tmplfunc v0.0.3/go.mod h1:AG3sTPzElb1Io3Yg4voV9AGZJuleGAwaVRxL9M49PhA=
